
Microsoft Visual Studio Solution File, Format Version 12.00
# Visual Studio Version 17
VisualStudioVersion = 17.6.33829.357
MinimumVisualStudioVersion = 10.0.40219.1
Project("{FAE04EC0-301F-11D3-BF4B-00C04F79EFBC}") = "FlightSchedule", "FlightSchedule\FlightSchedule.csproj", "{4CAA443A-72B4-4764-AC35-95B6A5708497}"
EndProject
Global
	GlobalSection(SolutionConfigurationPlatforms) = preSolution
		Debug|Any CPU = Debug|Any CPU
		Release|Any CPU = Release|Any CPU
	EndGlobalSection
	GlobalSection(ProjectConfigurationPlatforms) = postSolution
		{4CAA443A-72B4-4764-AC35-95B6A5708497}.Debug|Any CPU.ActiveCfg = Debug|Any CPU
		{4CAA443A-72B4-4764-AC35-95B6A5708497}.Debug|Any CPU.Build.0 = Debug|Any CPU
		{4CAA443A-72B4-4764-AC35-95B6A5708497}.Release|Any CPU.ActiveCfg = Release|Any CPU
		{4CAA443A-72B4-4764-AC35-95B6A5708497}.Release|Any CPU.Build.0 = Release|Any CPU
	EndGlobalSection
	GlobalSection(SolutionProperties) = preSolution
		HideSolutionNode = FALSE
	EndGlobalSection
	GlobalSection(ExtensibilityGlobals) = postSolution
		SolutionGuid = {08B8FC4F-20F6-4667-8400-624074A896E4}
	EndGlobalSection
EndGlobal
